{
  "name": "Dog-rope-foreign-trade",
  "version": "1.0.0",
  "lockfileVersion": 1,
  "requires": true,
  "dependencies": {
    "bootstrap": {
      "version": "3.4.1",
      "resolved": "https://registry.npm.taobao.org/bootstrap/download/bootstrap-3.4.1.tgz?cache=0&sync_timestamp=1596731487641&other_urls=https%3A%2F%2Fregistry.npm.taobao.org%2Fbootstrap%2Fdownload%2Fbootstrap-3.4.1.tgz",
      "integrity": "sha1-w6NH1Bniia0R9AM+PEEyuHwIHXI="
    },
    "jquery": {
      "version": "3.5.1",
      "resolved": "https://registry.npm.taobao.org/jquery/download/jquery-3.5.1.tgz",
      "integrity": "sha1-17TQjhv9uGrS8aPQOeoXMEcXq7U="
    }
  }
}
