{
  "name": "Dog-rope-foreign-trade",
  "version": "1.0.0",
  "lockfileVersion": 1,
  "requires": true,
  "dependencies": {
    "bootstrap": {
      "version": "3.4.1",
      "resolved": "https://registry.npm.taobao.org/bootstrap/download/bootstrap-3.4.1.tgz?cache=0&sync_timestamp=1596731487641&other_urls=https%3A%2F%2Fregistry.npm.taobao.org%2Fbootstrap%2Fdownload%2Fbootstrap-3.4.1.tgz",
      "integrity": "sha1-w6NH1Bniia0R9AM+PEEyuHwIHXI="
    },
    "dom7": {
      "version": "3.0.0-alpha.9",
      "resolved": "https://registry.npm.taobao.org/dom7/download/dom7-3.0.0-alpha.9.tgz",
      "integrity": "sha1-ARDCEYG4utOh7nJEPgTTwuPx048=",
      "requires": {
        "ssr-window": "^3.0.0-alpha.1"
      }
    },
    "jquery": {
      "version": "3.5.1",
      "resolved": "https://registry.npm.taobao.org/jquery/download/jquery-3.5.1.tgz",
      "integrity": "sha1-17TQjhv9uGrS8aPQOeoXMEcXq7U="
    },
    "ssr-window": {
      "version": "3.0.0-alpha.4",
      "resolved": "https://registry.npm.taobao.org/ssr-window/download/ssr-window-3.0.0-alpha.4.tgz",
      "integrity": "sha1-DGmhjEMF7MzdjhFZYVXKB7Y180U="
    },
    "swiper": {
      "version": "6.2.0",
      "resolved": "https://registry.npm.taobao.org/swiper/download/swiper-6.2.0.tgz?cache=0&sync_timestamp=1599227457591&other_urls=https%3A%2F%2Fregistry.npm.taobao.org%2Fswiper%2Fdownload%2Fswiper-6.2.0.tgz",
      "integrity": "sha1-+dr9wsy11t0r1yjHjbh2BTKctQ4=",
      "requires": {
        "dom7": "^3.0.0-alpha.7",
        "ssr-window": "^3.0.0-alpha.4"
      }
    }
  }
}
